
Microsoft Visual Studio Solution File, Format Version 12.00
# Visual Studio Version 17
VisualStudioVersion = 17.2.32516.85
MinimumVisualStudioVersion = 10.0.40219.1
Project("{FAE04EC0-301F-11D3-BF4B-00C04F79EFBC}") = "Bedroom_Mod", "Bedroom Mod\Bedroom_Mod.csproj", "{4E2654DE-8618-4435-A9A8-20AFC562AF88}"
EndProject
Global
	GlobalSection(SolutionConfigurationPlatforms) = preSolution
		Debug|Any CPU = Debug|Any CPU
		Release|Any CPU = Release|Any CPU
	EndGlobalSection
	GlobalSection(ProjectConfigurationPlatforms) = postSolution
		{4E2654DE-8618-4435-A9A8-20AFC562AF88}.Debug|Any CPU.ActiveCfg = Debug|Any CPU
		{4E2654DE-8618-4435-A9A8-20AFC562AF88}.Debug|Any CPU.Build.0 = Debug|Any CPU
		{4E2654DE-8618-4435-A9A8-20AFC562AF88}.Release|Any CPU.ActiveCfg = Release|Any CPU
		{4E2654DE-8618-4435-A9A8-20AFC562AF88}.Release|Any CPU.Build.0 = Release|Any CPU
	EndGlobalSection
	GlobalSection(SolutionProperties) = preSolution
		HideSolutionNode = FALSE
	EndGlobalSection
	GlobalSection(ExtensibilityGlobals) = postSolution
		SolutionGuid = {C750E5A5-0EBD-4073-92EA-AEABF3E05FF1}
	EndGlobalSection
EndGlobal
